
Microsoft Visual Studio Solution File, Format Version 12.00
# Visual Studio Version 17
VisualStudioVersion = 17.5.2.0
MinimumVisualStudioVersion = 10.0.40219.1
Project("{FAE04EC0-301F-11D3-BF4B-00C04F79EFBC}") = "RSD.Web", "RSD.Web\RSD.Web.csproj", "{EAFFE7D4-6A72-E06A-28DC-8BD26F0CC824}"
EndProject
Project("{FAE04EC0-301F-11D3-BF4B-00C04F79EFBC}") = "RSD.Web.Tests", "RSD.Web.Tests\RSD.Web.Tests.csproj", "{3C07CCAF-0714-4F2D-B04A-B2EE25BDB36B}"
EndProject
Global
	GlobalSection(SolutionConfigurationPlatforms) = preSolution
		Debug|Any CPU = Debug|Any CPU
		Debug|x64 = Debug|x64
		Debug|x86 = Debug|x86
		Release|Any CPU = Release|Any CPU
		Release|x64 = Release|x64
		Release|x86 = Release|x86
	EndGlobalSection
	GlobalSection(ProjectConfigurationPlatforms) = postSolution
		{EAFFE7D4-6A72-E06A-28DC-8BD26F0CC824}.Debug|Any CPU.ActiveCfg = Debug|Any CPU
		{EAFFE7D4-6A72-E06A-28DC-8BD26F0CC824}.Debug|Any CPU.Build.0 = Debug|Any CPU
		{EAFFE7D4-6A72-E06A-28DC-8BD26F0CC824}.Debug|x64.ActiveCfg = Debug|Any CPU
		{EAFFE7D4-6A72-E06A-28DC-8BD26F0CC824}.Debug|x64.Build.0 = Debug|Any CPU
		{EAFFE7D4-6A72-E06A-28DC-8BD26F0CC824}.Debug|x86.ActiveCfg = Debug|Any CPU
		{EAFFE7D4-6A72-E06A-28DC-8BD26F0CC824}.Debug|x86.Build.0 = Debug|Any CPU
		{EAFFE7D4-6A72-E06A-28DC-8BD26F0CC824}.Release|Any CPU.ActiveCfg = Release|Any CPU
		{EAFFE7D4-6A72-E06A-28DC-8BD26F0CC824}.Release|Any CPU.Build.0 = Release|Any CPU
		{EAFFE7D4-6A72-E06A-28DC-8BD26F0CC824}.Release|x64.ActiveCfg = Release|Any CPU
		{EAFFE7D4-6A72-E06A-28DC-8BD26F0CC824}.Release|x64.Build.0 = Release|Any CPU
		{EAFFE7D4-6A72-E06A-28DC-8BD26F0CC824}.Release|x86.ActiveCfg = Release|Any CPU
		{EAFFE7D4-6A72-E06A-28DC-8BD26F0CC824}.Release|x86.Build.0 = Release|Any CPU
		{3C07CCAF-0714-4F2D-B04A-B2EE25BDB36B}.Debug|Any CPU.ActiveCfg = Debug|Any CPU
		{3C07CCAF-0714-4F2D-B04A-B2EE25BDB36B}.Debug|Any CPU.Build.0 = Debug|Any CPU
		{3C07CCAF-0714-4F2D-B04A-B2EE25BDB36B}.Debug|x64.ActiveCfg = Debug|Any CPU
		{3C07CCAF-0714-4F2D-B04A-B2EE25BDB36B}.Debug|x64.Build.0 = Debug|Any CPU
		{3C07CCAF-0714-4F2D-B04A-B2EE25BDB36B}.Debug|x86.ActiveCfg = Debug|Any CPU
		{3C07CCAF-0714-4F2D-B04A-B2EE25BDB36B}.Debug|x86.Build.0 = Debug|Any CPU
		{3C07CCAF-0714-4F2D-B04A-B2EE25BDB36B}.Release|Any CPU.ActiveCfg = Release|Any CPU
		{3C07CCAF-0714-4F2D-B04A-B2EE25BDB36B}.Release|Any CPU.Build.0 = Release|Any CPU
		{3C07CCAF-0714-4F2D-B04A-B2EE25BDB36B}.Release|x64.ActiveCfg = Release|Any CPU
		{3C07CCAF-0714-4F2D-B04A-B2EE25BDB36B}.Release|x64.Build.0 = Release|Any CPU
		{3C07CCAF-0714-4F2D-B04A-B2EE25BDB36B}.Release|x86.ActiveCfg = Release|Any CPU
		{3C07CCAF-0714-4F2D-B04A-B2EE25BDB36B}.Release|x86.Build.0 = Release|Any CPU
	EndGlobalSection
	GlobalSection(SolutionProperties) = preSolution
		HideSolutionNode = FALSE
	EndGlobalSection
	GlobalSection(ExtensibilityGlobals) = postSolution
		SolutionGuid = {1C94F91B-8685-49BA-8E60-09AC61B08D64}
	EndGlobalSection
EndGlobal
